
Microsoft Visual Studio Solution File, Format Version 12.00
# Visual Studio Version 16
VisualStudioVersion = 16.0.29509.3
MinimumVisualStudioVersion = 10.0.40219.1
Project("{FAE04EC0-301F-11D3-BF4B-00C04F79EFBC}") = "module1", "module1\module1.csproj", "{8386A32B-0B29-403A-B2C7-815ED08BBA05}"
EndProject
Global
	GlobalSection(SolutionConfigurationPlatforms) = preSolution
		Debug|Any CPU = Debug|Any CPU
		Release|Any CPU = Release|Any CPU
	EndGlobalSection
	GlobalSection(ProjectConfigurationPlatforms) = postSolution
		{8386A32B-0B29-403A-B2C7-815ED08BBA05}.Debug|Any CPU.ActiveCfg = Debug|Any CPU
		{8386A32B-0B29-403A-B2C7-815ED08BBA05}.Debug|Any CPU.Build.0 = Debug|Any CPU
		{8386A32B-0B29-403A-B2C7-815ED08BBA05}.Release|Any CPU.ActiveCfg = Release|Any CPU
		{8386A32B-0B29-403A-B2C7-815ED08BBA05}.Release|Any CPU.Build.0 = Release|Any CPU
	EndGlobalSection
	GlobalSection(SolutionProperties) = preSolution
		HideSolutionNode = FALSE
	EndGlobalSection
	GlobalSection(ExtensibilityGlobals) = postSolution
		SolutionGuid = {C41AE769-B072-48DA-9545-F8EBB6A516A2}
	EndGlobalSection
EndGlobal
